
Microsoft Visual Studio Solution File, Format Version 12.00
# Visual Studio Version 17
VisualStudioVersion = 17.6.33801.468
MinimumVisualStudioVersion = 10.0.40219.1
Project("{9A19103F-16F7-4668-BE54-9A1E7A4F7556}") = "Verba", "Verba\Verba.csproj", "{345B8F30-9F9C-42D0-AB30-75CB766F0417}"
EndProject
Project("{2150E333-8FDC-42A3-9474-1A3956D46DE8}") = "Modules", "Modules", "{34EC7741-3649-4546-8279-EB6141F4513B}"
EndProject
Project("{2150E333-8FDC-42A3-9474-1A3956D46DE8}") = "Stock", "Stock", "{BADB2061-9068-4936-9B87-AE026863C7D3}"
EndProject
Project("{9A19103F-16F7-4668-BE54-9A1E7A4F7556}") = "Verba.Stock.Core", "Stock\Verba.Stock.Core\Verba.Stock.Core.csproj", "{6FA8EE28-A3DC-4166-BDF6-1B7EB85D05F3}"
EndProject
Project("{9A19103F-16F7-4668-BE54-9A1E7A4F7556}") = "Verba.Stock.Db", "Stock\Verba.Stock.Db\Verba.Stock.Db.csproj", "{C607E586-2225-43F3-8FA0-5E5AC7401F93}"
EndProject
Project("{9A19103F-16F7-4668-BE54-9A1E7A4F7556}") = "Verba.Stock.Domain", "Stock\Verba.Stock.Domain\Verba.Stock.Domain.csproj", "{01C9CDFD-889D-4A2C-8B50-9EED49AF4C95}"
EndProject
Project("{9A19103F-16F7-4668-BE54-9A1E7A4F7556}") = "Verba.Stock.Dto", "Stock\Verba.Stock.Dto\Verba.Stock.Dto.csproj", "{A2EB88BE-0A42-471A-9323-A6DDA3938642}"
EndProject
Project("{2150E333-8FDC-42A3-9474-1A3956D46DE8}") = "Identity", "Identity", "{039098C0-3BCD-4D81-9928-D1D62F8D1EA1}"
EndProject
Project("{9A19103F-16F7-4668-BE54-9A1E7A4F7556}") = "Verba.Identity.Core", "Identity\Verba.Identity.Core\Verba.Identity.Core.csproj", "{E883ABBB-C760-4C34-B3F3-7FAE548D0C55}"
EndProject
Project("{9A19103F-16F7-4668-BE54-9A1E7A4F7556}") = "Verba.Identity.Db", "Identity\Verba.Identity.Db\Verba.Identity.Db.csproj", "{4FF65155-FDC9-439C-8C3E-C7042E3AD60E}"
EndProject
Project("{9A19103F-16F7-4668-BE54-9A1E7A4F7556}") = "Verba.Identity.Domain", "Identity\Verba.Identity.Domain\Verba.Identity.Domain.csproj", "{5CFFF516-0348-41DD-A84C-9931654B0C12}"
EndProject
Project("{9A19103F-16F7-4668-BE54-9A1E7A4F7556}") = "Verba.Identity.Dto", "Identity\Verba.Identity.Dto\Verba.Identity.Dto.csproj", "{1279542D-F213-4FC7-9C45-27FA6D0A5E8A}"
EndProject
Project("{2150E333-8FDC-42A3-9474-1A3956D46DE8}") = "Shared", "Shared", "{F1EFA9AE-5174-4350-8DDB-8C3CBFA24031}"
EndProject
Project("{9A19103F-16F7-4668-BE54-9A1E7A4F7556}") = "Verba.Core", "Shared\Verba.Core\Verba.Core.csproj", "{C1640E83-A28E-456F-BAAE-3138EDE763FA}"
EndProject
Project("{9A19103F-16F7-4668-BE54-9A1E7A4F7556}") = "Verba.Abstractions", "Shared\Verba.Abstractions\Verba.Abstractions.csproj", "{530B58B6-121F-4685-A16E-A0ED7FF431F5}"
EndProject
Project("{9A19103F-16F7-4668-BE54-9A1E7A4F7556}") = "Verba.Domain.Abstractions", "Shared\Verba.Domain.Abstractions\Verba.Domain.Abstractions.csproj", "{DB76DF87-0E08-415C-B9A2-6332D8B82532}"
EndProject
Global
	GlobalSection(SolutionConfigurationPlatforms) = preSolution
		Debug|Any CPU = Debug|Any CPU
		Release|Any CPU = Release|Any CPU
	EndGlobalSection
	GlobalSection(ProjectConfigurationPlatforms) = postSolution
		{345B8F30-9F9C-42D0-AB30-75CB766F0417}.Debug|Any CPU.ActiveCfg = Debug|Any CPU
		{345B8F30-9F9C-42D0-AB30-75CB766F0417}.Debug|Any CPU.Build.0 = Debug|Any CPU
		{345B8F30-9F9C-42D0-AB30-75CB766F0417}.Release|Any CPU.ActiveCfg = Release|Any CPU
		{345B8F30-9F9C-42D0-AB30-75CB766F0417}.Release|Any CPU.Build.0 = Release|Any CPU
		{6FA8EE28-A3DC-4166-BDF6-1B7EB85D05F3}.Debug|Any CPU.ActiveCfg = Debug|Any CPU
		{6FA8EE28-A3DC-4166-BDF6-1B7EB85D05F3}.Debug|Any CPU.Build.0 = Debug|Any CPU
		{6FA8EE28-A3DC-4166-BDF6-1B7EB85D05F3}.Release|Any CPU.ActiveCfg = Release|Any CPU
		{6FA8EE28-A3DC-4166-BDF6-1B7EB85D05F3}.Release|Any CPU.Build.0 = Release|Any CPU
		{C607E586-2225-43F3-8FA0-5E5AC7401F93}.Debug|Any CPU.ActiveCfg = Debug|Any CPU
		{C607E586-2225-43F3-8FA0-5E5AC7401F93}.Debug|Any CPU.Build.0 = Debug|Any CPU
		{C607E586-2225-43F3-8FA0-5E5AC7401F93}.Release|Any CPU.ActiveCfg = Release|Any CPU
		{C607E586-2225-43F3-8FA0-5E5AC7401F93}.Release|Any CPU.Build.0 = Release|Any CPU
		{01C9CDFD-889D-4A2C-8B50-9EED49AF4C95}.Debug|Any CPU.ActiveCfg = Debug|Any CPU
		{01C9CDFD-889D-4A2C-8B50-9EED49AF4C95}.Debug|Any CPU.Build.0 = Debug|Any CPU
		{01C9CDFD-889D-4A2C-8B50-9EED49AF4C95}.Release|Any CPU.ActiveCfg = Release|Any CPU
		{01C9CDFD-889D-4A2C-8B50-9EED49AF4C95}.Release|Any CPU.Build.0 = Release|Any CPU
		{A2EB88BE-0A42-471A-9323-A6DDA3938642}.Debug|Any CPU.ActiveCfg = Debug|Any CPU
		{A2EB88BE-0A42-471A-9323-A6DDA3938642}.Debug|Any CPU.Build.0 = Debug|Any CPU
		{A2EB88BE-0A42-471A-9323-A6DDA3938642}.Release|Any CPU.ActiveCfg = Release|Any CPU
		{A2EB88BE-0A42-471A-9323-A6DDA3938642}.Release|Any CPU.Build.0 = Release|Any CPU
		{E883ABBB-C760-4C34-B3F3-7FAE548D0C55}.Debug|Any CPU.ActiveCfg = Debug|Any CPU
		{E883ABBB-C760-4C34-B3F3-7FAE548D0C55}.Debug|Any CPU.Build.0 = Debug|Any CPU
		{E883ABBB-C760-4C34-B3F3-7FAE548D0C55}.Release|Any CPU.ActiveCfg = Release|Any CPU
		{E883ABBB-C760-4C34-B3F3-7FAE548D0C55}.Release|Any CPU.Build.0 = Release|Any CPU
		{4FF65155-FDC9-439C-8C3E-C7042E3AD60E}.Debug|Any CPU.ActiveCfg = Debug|Any CPU
		{4FF65155-FDC9-439C-8C3E-C7042E3AD60E}.Debug|Any CPU.Build.0 = Debug|Any CPU
		{4FF65155-FDC9-439C-8C3E-C7042E3AD60E}.Release|Any CPU.ActiveCfg = Release|Any CPU
		{4FF65155-FDC9-439C-8C3E-C7042E3AD60E}.Release|Any CPU.Build.0 = Release|Any CPU
		{5CFFF516-0348-41DD-A84C-9931654B0C12}.Debug|Any CPU.ActiveCfg = Debug|Any CPU
		{5CFFF516-0348-41DD-A84C-9931654B0C12}.Debug|Any CPU.Build.0 = Debug|Any CPU
		{5CFFF516-0348-41DD-A84C-9931654B0C12}.Release|Any CPU.ActiveCfg = Release|Any CPU
		{5CFFF516-0348-41DD-A84C-9931654B0C12}.Release|Any CPU.Build.0 = Release|Any CPU
		{1279542D-F213-4FC7-9C45-27FA6D0A5E8A}.Debug|Any CPU.ActiveCfg = Debug|Any CPU
		{1279542D-F213-4FC7-9C45-27FA6D0A5E8A}.Debug|Any CPU.Build.0 = Debug|Any CPU
		{1279542D-F213-4FC7-9C45-27FA6D0A5E8A}.Release|Any CPU.ActiveCfg = Release|Any CPU
		{1279542D-F213-4FC7-9C45-27FA6D0A5E8A}.Release|Any CPU.Build.0 = Release|Any CPU
		{C1640E83-A28E-456F-BAAE-3138EDE763FA}.Debug|Any CPU.ActiveCfg = Debug|Any CPU
		{C1640E83-A28E-456F-BAAE-3138EDE763FA}.Debug|Any CPU.Build.0 = Debug|Any CPU
		{C1640E83-A28E-456F-BAAE-3138EDE763FA}.Release|Any CPU.ActiveCfg = Release|Any CPU
		{C1640E83-A28E-456F-BAAE-3138EDE763FA}.Release|Any CPU.Build.0 = Release|Any CPU
		{530B58B6-121F-4685-A16E-A0ED7FF431F5}.Debug|Any CPU.ActiveCfg = Debug|Any CPU
		{530B58B6-121F-4685-A16E-A0ED7FF431F5}.Debug|Any CPU.Build.0 = Debug|Any CPU
		{530B58B6-121F-4685-A16E-A0ED7FF431F5}.Release|Any CPU.ActiveCfg = Release|Any CPU
		{530B58B6-121F-4685-A16E-A0ED7FF431F5}.Release|Any CPU.Build.0 = Release|Any CPU
		{DB76DF87-0E08-415C-B9A2-6332D8B82532}.Debug|Any CPU.ActiveCfg = Debug|Any CPU
		{DB76DF87-0E08-415C-B9A2-6332D8B82532}.Debug|Any CPU.Build.0 = Debug|Any CPU
		{DB76DF87-0E08-415C-B9A2-6332D8B82532}.Release|Any CPU.ActiveCfg = Release|Any CPU
		{DB76DF87-0E08-415C-B9A2-6332D8B82532}.Release|Any CPU.Build.0 = Release|Any CPU
	EndGlobalSection
	GlobalSection(SolutionProperties) = preSolution
		HideSolutionNode = FALSE
	EndGlobalSection
	GlobalSection(NestedProjects) = preSolution
		{BADB2061-9068-4936-9B87-AE026863C7D3} = {34EC7741-3649-4546-8279-EB6141F4513B}
		{6FA8EE28-A3DC-4166-BDF6-1B7EB85D05F3} = {BADB2061-9068-4936-9B87-AE026863C7D3}
		{C607E586-2225-43F3-8FA0-5E5AC7401F93} = {BADB2061-9068-4936-9B87-AE026863C7D3}
		{01C9CDFD-889D-4A2C-8B50-9EED49AF4C95} = {BADB2061-9068-4936-9B87-AE026863C7D3}
		{A2EB88BE-0A42-471A-9323-A6DDA3938642} = {BADB2061-9068-4936-9B87-AE026863C7D3}
		{039098C0-3BCD-4D81-9928-D1D62F8D1EA1} = {34EC7741-3649-4546-8279-EB6141F4513B}
		{E883ABBB-C760-4C34-B3F3-7FAE548D0C55} = {039098C0-3BCD-4D81-9928-D1D62F8D1EA1}
		{4FF65155-FDC9-439C-8C3E-C7042E3AD60E} = {039098C0-3BCD-4D81-9928-D1D62F8D1EA1}
		{5CFFF516-0348-41DD-A84C-9931654B0C12} = {039098C0-3BCD-4D81-9928-D1D62F8D1EA1}
		{1279542D-F213-4FC7-9C45-27FA6D0A5E8A} = {039098C0-3BCD-4D81-9928-D1D62F8D1EA1}
		{C1640E83-A28E-456F-BAAE-3138EDE763FA} = {F1EFA9AE-5174-4350-8DDB-8C3CBFA24031}
		{530B58B6-121F-4685-A16E-A0ED7FF431F5} = {F1EFA9AE-5174-4350-8DDB-8C3CBFA24031}
		{DB76DF87-0E08-415C-B9A2-6332D8B82532} = {F1EFA9AE-5174-4350-8DDB-8C3CBFA24031}
	EndGlobalSection
	GlobalSection(ExtensibilityGlobals) = postSolution
		SolutionGuid = {C315FA20-6497-4504-96E7-2124AA92A2F2}
	EndGlobalSection
EndGlobal
